
Microsoft Visual Studio Solution File, Format Version 12.00
# Visual Studio Version 16
VisualStudioVersion = 16.0.31005.135
MinimumVisualStudioVersion = 10.0.40219.1
Project("{FAE04EC0-301F-11D3-BF4B-00C04F79EFBC}") = "ASM_3", "ASM_3\ASM_3.csproj", "{EEDC0B1A-F604-4FE6-92C3-B1902CBDD5A8}"
EndProject
Project("{FAE04EC0-301F-11D3-BF4B-00C04F79EFBC}") = "ProductLibrary", "ProductLibrary\ProductLibrary.csproj", "{190F50D4-5EEF-4BEF-AC6A-A7046CFA5210}"
EndProject
Global
	GlobalSection(SolutionConfigurationPlatforms) = preSolution
		Debug|Any CPU = Debug|Any CPU
		Release|Any CPU = Release|Any CPU
	EndGlobalSection
	GlobalSection(ProjectConfigurationPlatforms) = postSolution
		{EEDC0B1A-F604-4FE6-92C3-B1902CBDD5A8}.Debug|Any CPU.ActiveCfg = Debug|Any CPU
		{EEDC0B1A-F604-4FE6-92C3-B1902CBDD5A8}.Debug|Any CPU.Build.0 = Debug|Any CPU
		{EEDC0B1A-F604-4FE6-92C3-B1902CBDD5A8}.Release|Any CPU.ActiveCfg = Release|Any CPU
		{EEDC0B1A-F604-4FE6-92C3-B1902CBDD5A8}.Release|Any CPU.Build.0 = Release|Any CPU
		{190F50D4-5EEF-4BEF-AC6A-A7046CFA5210}.Debug|Any CPU.ActiveCfg = Debug|Any CPU
		{190F50D4-5EEF-4BEF-AC6A-A7046CFA5210}.Debug|Any CPU.Build.0 = Debug|Any CPU
		{190F50D4-5EEF-4BEF-AC6A-A7046CFA5210}.Release|Any CPU.ActiveCfg = Release|Any CPU
		{190F50D4-5EEF-4BEF-AC6A-A7046CFA5210}.Release|Any CPU.Build.0 = Release|Any CPU
	EndGlobalSection
	GlobalSection(SolutionProperties) = preSolution
		HideSolutionNode = FALSE
	EndGlobalSection
	GlobalSection(ExtensibilityGlobals) = postSolution
		SolutionGuid = {AD719686-9E9F-4B41-8C56-5BA5906F7CC2}
	EndGlobalSection
EndGlobal
